{
  "nodes": {
    "darwin": {
      "inputs": {
        "nixpkgs": [
          "nixpkgs"
        ]
      },
      "locked": {
        "lastModified": 1671020882,
        "narHash": "sha256-nilsez0cjzvWUZzcWI+ZK3gY/wT3RvkQA9qw8GYJmEU=",
        "owner": "lnl7",
        "repo": "nix-darwin",
        "rev": "2795e05cca69bddad989186888175548f4fca33d",
        "type": "github"
      },
      "original": {
        "owner": "lnl7",
        "ref": "master",
        "repo": "nix-darwin",
        "type": "github"
      }
    },
    "fenix": {
      "inputs": {
        "nixpkgs": [
          "prompt",
          "nixpkgs"
        ],
        "rust-analyzer-src": "rust-analyzer-src"
      },
      "locked": {
        "lastModified": 1642141613,
        "narHash": "sha256-WFS7T5oOLD8anu/77iz7EPz7zQsJZtP5qVa5485k3dI=",
        "owner": "nix-community",
        "repo": "fenix",
        "rev": "d75ffc9f1d3b60bb597e48ae01f486a6de27d30e",
        "type": "github"
      },
      "original": {
        "owner": "nix-community",
        "repo": "fenix",
        "type": "github"
      }
    },
    "flake-compat": {
      "flake": false,
      "locked": {
        "lastModified": 1668681692,
        "narHash": "sha256-Ht91NGdewz8IQLtWZ9LCeNXMSXHUss+9COoqu6JLmXU=",
        "owner": "edolstra",
        "repo": "flake-compat",
        "rev": "009399224d5e398d03b22badca40a37ac85412a1",
        "type": "github"
      },
      "original": {
        "owner": "edolstra",
        "repo": "flake-compat",
        "type": "github"
      }
    },
    "flake-utils": {
      "locked": {
        "lastModified": 1667395993,
        "narHash": "sha256-nuEHfE/LcWyuSWnS8t12N1wc105Qtau+/OdUAjtQ0rA=",
        "owner": "numtide",
        "repo": "flake-utils",
        "rev": "5aed5285a952e0b949eb3ba02c12fa4fcfef535f",
        "type": "github"
      },
      "original": {
        "owner": "numtide",
        "repo": "flake-utils",
        "type": "github"
      }
    },
    "home-manager": {
      "inputs": {
        "nixpkgs": [
          "nixpkgs"
        ],
        "utils": "utils"
      },
      "locked": {
        "lastModified": 1670253003,
        "narHash": "sha256-/tJIy4+FbsQyslq1ipyicZ2psOEd8dvl4OJ9lfisjd0=",
        "owner": "nix-community",
        "repo": "home-manager",
        "rev": "0e8125916b420e41bf0d23a0aa33fadd0328beb3",
        "type": "github"
      },
      "original": {
        "owner": "nix-community",
        "ref": "release-22.11",
        "repo": "home-manager",
        "type": "github"
      }
    },
    "neovim": {
      "inputs": {
        "flake-compat": "flake-compat",
        "neovim-flake": "neovim-flake",
        "nixpkgs": "nixpkgs"
      },
      "locked": {
        "lastModified": 1671005716,
        "narHash": "sha256-3qXlr9545AtmLjGDubPiKnMAuIfyj2jghxNy/ZX23X0=",
        "owner": "nix-community",
        "repo": "neovim-nightly-overlay",
        "rev": "d7b3a6b39d73c5812a9cf8b74454b15b205bf75a",
        "type": "github"
      },
      "original": {
        "owner": "nix-community",
        "repo": "neovim-nightly-overlay",
        "type": "github"
      }
    },
    "neovim-flake": {
      "inputs": {
        "flake-utils": "flake-utils",
        "nixpkgs": [
          "neovim",
          "nixpkgs"
        ]
      },
      "locked": {
        "dir": "contrib",
        "lastModified": 1670942634,
        "narHash": "sha256-d/K7M1InZQy6ea0GgiuUnPmNQgBlKPPDVlZTC9umHFI=",
        "owner": "neovim",
        "repo": "neovim",
        "rev": "090048bec9f80c46a6ce6ff05a419b15bc4bf028",
        "type": "github"
      },
      "original": {
        "dir": "contrib",
        "owner": "neovim",
        "repo": "neovim",
        "type": "github"
      }
    },
    "nixos-hardware": {
      "locked": {
        "lastModified": 1670959777,
        "narHash": "sha256-9nQJWL7S77YZERxairPLFO6TUuF1RgQmdZO6dKRCHz4=",
        "owner": "nixos",
        "repo": "nixos-hardware",
        "rev": "0fbf27af51a7c9bc68a168fdcd63513c4f100b15",
        "type": "github"
      },
      "original": {
        "owner": "nixos",
        "repo": "nixos-hardware",
        "type": "github"
      }
    },
    "nixpkgs": {
      "locked": {
        "lastModified": 1670918062,
        "narHash": "sha256-iOhkyBYUU9Jfkk0lvI4ahpjyrTsLXj9uyJWwmjKg+gg=",
        "owner": "nixos",
        "repo": "nixpkgs",
        "rev": "84575b0bd882be979516f4fecfe4d7c8de8f6a92",
        "type": "github"
      },
      "original": {
        "owner": "nixos",
        "ref": "nixpkgs-unstable",
        "repo": "nixpkgs",
        "type": "github"
      }
    },
    "nixpkgs_2": {
      "locked": {
        "lastModified": 1670929434,
        "narHash": "sha256-n5UBO6XBV4h3TB7FYu2yAuNQMEYOrQyKeODUwKe06ow=",
        "owner": "NixOS",
        "repo": "nixpkgs",
        "rev": "1710ed1f6f8ceb75cf7d1cf55ee0cc21760e1c7a",
        "type": "github"
      },
      "original": {
        "owner": "NixOS",
        "ref": "nixos-unstable",
        "repo": "nixpkgs",
        "type": "github"
      }
    },
    "prompt": {
      "inputs": {
        "fenix": "fenix",
        "nixpkgs": [
          "nixpkgs"
        ]
      },
      "locked": {
        "lastModified": 1662898783,
        "narHash": "sha256-wh/sty5Gs7vwDcuNpxekI/7lzg7LEyQIQVAX0dMJTE8=",
        "ref": "refs/heads/master",
        "rev": "306640f502ef24e31590eef910b78ccd85ce8f6e",
        "revCount": 5,
        "type": "git",
        "url": "https://git.peppe.rs/cli/prompt"
      },
      "original": {
        "type": "git",
        "url": "https://git.peppe.rs/cli/prompt"
      }
    },
    "root": {
      "inputs": {
        "darwin": "darwin",
        "home-manager": "home-manager",
        "neovim": "neovim",
        "nixos-hardware": "nixos-hardware",
        "nixpkgs": "nixpkgs_2",
        "prompt": "prompt"
      }
    },
    "rust-analyzer-src": {
      "flake": false,
      "locked": {
        "lastModified": 1642101527,
        "narHash": "sha256-C4zcaWULWlrirpEt/pA85CCMBt+7SWZweMaMJ7EvrXw=",
        "owner": "rust-analyzer",
        "repo": "rust-analyzer",
        "rev": "b4c31481a554d0132003228ba319bd9476fe85ae",
        "type": "github"
      },
      "original": {
        "owner": "rust-analyzer",
        "ref": "nightly",
        "repo": "rust-analyzer",
        "type": "github"
      }
    },
    "utils": {
      "locked": {
        "lastModified": 1667395993,
        "narHash": "sha256-nuEHfE/LcWyuSWnS8t12N1wc105Qtau+/OdUAjtQ0rA=",
        "owner": "numtide",
        "repo": "flake-utils",
        "rev": "5aed5285a952e0b949eb3ba02c12fa4fcfef535f",
        "type": "github"
      },
      "original": {
        "owner": "numtide",
        "repo": "flake-utils",
        "type": "github"
      }
    }
  },
  "root": "root",
  "version": 7
}
