{
  "nodes": {
    "darwin": {
      "inputs": {
        "nixpkgs": [
          "nixpkgs"
        ]
      },
      "locked": {
        "lastModified": 1667419884,
        "narHash": "sha256-oLNw87ZI5NxTMlNQBv1wG2N27CUzo9admaFlnmavpiY=",
        "owner": "lnl7",
        "repo": "nix-darwin",
        "rev": "cfc0125eafadc9569d3d6a16ee928375b77e3100",
        "type": "github"
      },
      "original": {
        "owner": "lnl7",
        "ref": "master",
        "repo": "nix-darwin",
        "type": "github"
      }
    },
    "fenix": {
      "inputs": {
        "nixpkgs": [
          "prompt",
          "nixpkgs"
        ],
        "rust-analyzer-src": "rust-analyzer-src"
      },
      "locked": {
        "lastModified": 1642141613,
        "narHash": "sha256-WFS7T5oOLD8anu/77iz7EPz7zQsJZtP5qVa5485k3dI=",
        "owner": "nix-community",
        "repo": "fenix",
        "rev": "d75ffc9f1d3b60bb597e48ae01f486a6de27d30e",
        "type": "github"
      },
      "original": {
        "owner": "nix-community",
        "repo": "fenix",
        "type": "github"
      }
    },
    "flake-compat": {
      "flake": false,
      "locked": {
        "lastModified": 1650374568,
        "narHash": "sha256-Z+s0J8/r907g149rllvwhb4pKi8Wam5ij0st8PwAh+E=",
        "owner": "edolstra",
        "repo": "flake-compat",
        "rev": "b4a34015c698c7793d592d66adbab377907a2be8",
        "type": "github"
      },
      "original": {
        "owner": "edolstra",
        "repo": "flake-compat",
        "type": "github"
      }
    },
    "flake-utils": {
      "locked": {
        "lastModified": 1659877975,
        "narHash": "sha256-zllb8aq3YO3h8B/U0/J1WBgAL8EX5yWf5pMj3G0NAmc=",
        "owner": "numtide",
        "repo": "flake-utils",
        "rev": "c0e246b9b83f637f4681389ecabcb2681b4f3af0",
        "type": "github"
      },
      "original": {
        "owner": "numtide",
        "repo": "flake-utils",
        "type": "github"
      }
    },
    "home-manager": {
      "inputs": {
        "nixpkgs": [
          "nixpkgs"
        ]
      },
      "locked": {
        "lastModified": 1667907331,
        "narHash": "sha256-bHkAwkYlBjkupPUFcQjimNS8gxWSWjOTevEuwdnp5m0=",
        "owner": "nix-community",
        "repo": "home-manager",
        "rev": "6639e3a837fc5deb6f99554072789724997bc8e5",
        "type": "github"
      },
      "original": {
        "owner": "nix-community",
        "ref": "release-22.05",
        "repo": "home-manager",
        "type": "github"
      }
    },
    "neovim": {
      "inputs": {
        "flake-compat": "flake-compat",
        "neovim-flake": "neovim-flake",
        "nixpkgs": "nixpkgs"
      },
      "locked": {
        "lastModified": 1668326976,
        "narHash": "sha256-7U1v7tmGPdzsY0jCVwV7GgUsOlnHvEpD6myyiABCaYs=",
        "owner": "icyphox",
        "repo": "neovim-nightly-overlay",
        "rev": "e8487c9b0a3edc3c5d49ab42800dc8b2b8302c99",
        "type": "github"
      },
      "original": {
        "owner": "icyphox",
        "repo": "neovim-nightly-overlay",
        "type": "github"
      }
    },
    "neovim-flake": {
      "inputs": {
        "flake-utils": "flake-utils",
        "nixpkgs": [
          "neovim",
          "nixpkgs"
        ]
      },
      "locked": {
        "dir": "contrib",
        "lastModified": 1668299715,
        "narHash": "sha256-k9YBKTMfNfCj7mwUYOS3ltGQM2Nd1OFJrwS6iXr2lo8=",
        "owner": "neovim",
        "repo": "neovim",
        "rev": "9d7dc5062877bd7e035f1f7a74e2462c2e942864",
        "type": "github"
      },
      "original": {
        "dir": "contrib",
        "owner": "neovim",
        "repo": "neovim",
        "type": "github"
      }
    },
    "nixos-hardware": {
      "locked": {
        "lastModified": 1668334946,
        "narHash": "sha256-omMbUj4r5DVBWh7KxkoO/Z/1V1shVR6Ls4jXNB4mr3U=",
        "owner": "nixos",
        "repo": "nixos-hardware",
        "rev": "e0452b33ab0ef16ffe075e980644ed92a6a200bb",
        "type": "github"
      },
      "original": {
        "owner": "nixos",
        "repo": "nixos-hardware",
        "type": "github"
      }
    },
    "nixpkgs": {
      "locked": {
        "lastModified": 1668087632,
        "narHash": "sha256-T/cUx44aYDuLMFfaiVpMdTjL4kpG7bh0VkN6JEM78/E=",
        "owner": "nixos",
        "repo": "nixpkgs",
        "rev": "5f588eb4a958f1a526ed8da02d6ea1bea0047b9f",
        "type": "github"
      },
      "original": {
        "owner": "nixos",
        "ref": "nixos-unstable",
        "repo": "nixpkgs",
        "type": "github"
      }
    },
    "nixpkgs_2": {
      "locked": {
        "lastModified": 1668087632,
        "narHash": "sha256-T/cUx44aYDuLMFfaiVpMdTjL4kpG7bh0VkN6JEM78/E=",
        "owner": "NixOS",
        "repo": "nixpkgs",
        "rev": "5f588eb4a958f1a526ed8da02d6ea1bea0047b9f",
        "type": "github"
      },
      "original": {
        "owner": "NixOS",
        "ref": "nixos-unstable",
        "repo": "nixpkgs",
        "type": "github"
      }
    },
    "prompt": {
      "inputs": {
        "fenix": "fenix",
        "nixpkgs": [
          "nixpkgs"
        ]
      },
      "locked": {
        "lastModified": 1662898783,
        "narHash": "sha256-wh/sty5Gs7vwDcuNpxekI/7lzg7LEyQIQVAX0dMJTE8=",
        "ref": "refs/heads/master",
        "rev": "306640f502ef24e31590eef910b78ccd85ce8f6e",
        "revCount": 5,
        "type": "git",
        "url": "https://git.peppe.rs/cli/prompt"
      },
      "original": {
        "type": "git",
        "url": "https://git.peppe.rs/cli/prompt"
      }
    },
    "root": {
      "inputs": {
        "darwin": "darwin",
        "home-manager": "home-manager",
        "neovim": "neovim",
        "nixos-hardware": "nixos-hardware",
        "nixpkgs": "nixpkgs_2",
        "prompt": "prompt"
      }
    },
    "rust-analyzer-src": {
      "flake": false,
      "locked": {
        "lastModified": 1642101527,
        "narHash": "sha256-C4zcaWULWlrirpEt/pA85CCMBt+7SWZweMaMJ7EvrXw=",
        "owner": "rust-analyzer",
        "repo": "rust-analyzer",
        "rev": "b4c31481a554d0132003228ba319bd9476fe85ae",
        "type": "github"
      },
      "original": {
        "owner": "rust-analyzer",
        "ref": "nightly",
        "repo": "rust-analyzer",
        "type": "github"
      }
    }
  },
  "root": "root",
  "version": 7
}
