{
  "nodes": {
    "darwin": {
      "inputs": {
        "nixpkgs": [
          "nixpkgs"
        ]
      },
      "locked": {
        "lastModified": 1709348262,
        "narHash": "sha256-eYTA1uZtYGFKrDOKiAz1wlE6aIC9WSdBNF8bSS818zM=",
        "owner": "lnl7",
        "repo": "nix-darwin",
        "rev": "8a15cb36fffa0b5fbe31ef16ede0a479bef4b365",
        "type": "github"
      },
      "original": {
        "owner": "lnl7",
        "ref": "master",
        "repo": "nix-darwin",
        "type": "github"
      }
    },
    "home-manager": {
      "inputs": {
        "nixpkgs": [
          "nixpkgs"
        ]
      },
      "locked": {
        "lastModified": 1709204054,
        "narHash": "sha256-U1idK0JHs1XOfSI1APYuXi4AEADf+B+ZU4Wifc0pBHk=",
        "owner": "nix-community",
        "repo": "home-manager",
        "rev": "2f3367769a93b226c467551315e9e270c3f78b15",
        "type": "github"
      },
      "original": {
        "owner": "nix-community",
        "repo": "home-manager",
        "type": "github"
      }
    },
    "nixos-hardware": {
      "locked": {
        "lastModified": 1709410583,
        "narHash": "sha256-esOSUoQ7mblwcsSea0K17McZuwAIjoS6dq/4b83+lvw=",
        "owner": "nixos",
        "repo": "nixos-hardware",
        "rev": "59e37017b9ed31dee303dbbd4531c594df95cfbc",
        "type": "github"
      },
      "original": {
        "owner": "nixos",
        "repo": "nixos-hardware",
        "type": "github"
      }
    },
    "nixpkgs": {
      "locked": {
        "lastModified": 1709237383,
        "narHash": "sha256-cy6ArO4k5qTx+l5o+0mL9f5fa86tYUX3ozE1S+Txlds=",
        "owner": "NixOS",
        "repo": "nixpkgs",
        "rev": "1536926ef5621b09bba54035ae2bb6d806d72ac8",
        "type": "github"
      },
      "original": {
        "owner": "NixOS",
        "ref": "nixos-unstable",
        "repo": "nixpkgs",
        "type": "github"
      }
    },
    "prompt": {
      "inputs": {
        "nixpkgs": [
          "nixpkgs"
        ]
      },
      "locked": {
        "lastModified": 1701510523,
        "narHash": "sha256-uf0JCa+PP/aM77icihT79hew1/TTcMJV6AoIfmuLABM=",
        "ref": "refs/heads/master",
        "rev": "9450828084f42d3f1eb261c00820cfd2bf8b819b",
        "revCount": 7,
        "type": "git",
        "url": "https://git.peppe.rs/cli/prompt"
      },
      "original": {
        "type": "git",
        "url": "https://git.peppe.rs/cli/prompt"
      }
    },
    "root": {
      "inputs": {
        "darwin": "darwin",
        "home-manager": "home-manager",
        "nixos-hardware": "nixos-hardware",
        "nixpkgs": "nixpkgs",
        "prompt": "prompt"
      }
    }
  },
  "root": "root",
  "version": 7
}
